
Microsoft Visual Studio Solution File, Format Version 12.00
# Visual Studio 14
VisualStudioVersion = 14.0.25420.1
MinimumVisualStudioVersion = 10.0.40219.1
Project("{FAE04EC0-301F-11D3-BF4B-00C04F79EFBC}") = "SmsSender.Service", "SmsSender.Service\SmsSender.Service.csproj", "{07671550-6298-4C69-BE1C-6D992EDAD52E}"
EndProject
Project("{FAE04EC0-301F-11D3-BF4B-00C04F79EFBC}") = "SmsSender.Data", "SmsSender.Data\SmsSender.Data.csproj", "{3D18D546-7AAE-4AAE-8DAE-EB8A47D9EDBE}"
EndProject
Project("{FAE04EC0-301F-11D3-BF4B-00C04F79EFBC}") = "SmsSender.Client", "SmsSender.Client\SmsSender.Client.csproj", "{3E46C70E-28B1-4833-BBFD-9F28F8484374}"
	ProjectSection(ProjectDependencies) = postProject
		{07671550-6298-4C69-BE1C-6D992EDAD52E} = {07671550-6298-4C69-BE1C-6D992EDAD52E}
	EndProjectSection
EndProject
Global
	GlobalSection(SolutionConfigurationPlatforms) = preSolution
		Debug|Any CPU = Debug|Any CPU
		Release|Any CPU = Release|Any CPU
	EndGlobalSection
	GlobalSection(ProjectConfigurationPlatforms) = postSolution
		{07671550-6298-4C69-BE1C-6D992EDAD52E}.Debug|Any CPU.ActiveCfg = Debug|Any CPU
		{07671550-6298-4C69-BE1C-6D992EDAD52E}.Debug|Any CPU.Build.0 = Debug|Any CPU
		{07671550-6298-4C69-BE1C-6D992EDAD52E}.Release|Any CPU.ActiveCfg = Release|Any CPU
		{07671550-6298-4C69-BE1C-6D992EDAD52E}.Release|Any CPU.Build.0 = Release|Any CPU
		{3D18D546-7AAE-4AAE-8DAE-EB8A47D9EDBE}.Debug|Any CPU.ActiveCfg = Debug|Any CPU
		{3D18D546-7AAE-4AAE-8DAE-EB8A47D9EDBE}.Debug|Any CPU.Build.0 = Debug|Any CPU
		{3D18D546-7AAE-4AAE-8DAE-EB8A47D9EDBE}.Release|Any CPU.ActiveCfg = Release|Any CPU
		{3D18D546-7AAE-4AAE-8DAE-EB8A47D9EDBE}.Release|Any CPU.Build.0 = Release|Any CPU
		{3E46C70E-28B1-4833-BBFD-9F28F8484374}.Debug|Any CPU.ActiveCfg = Debug|Any CPU
		{3E46C70E-28B1-4833-BBFD-9F28F8484374}.Debug|Any CPU.Build.0 = Debug|Any CPU
		{3E46C70E-28B1-4833-BBFD-9F28F8484374}.Release|Any CPU.ActiveCfg = Release|Any CPU
		{3E46C70E-28B1-4833-BBFD-9F28F8484374}.Release|Any CPU.Build.0 = Release|Any CPU
	EndGlobalSection
	GlobalSection(SolutionProperties) = preSolution
		HideSolutionNode = FALSE
	EndGlobalSection
EndGlobal
